
Microsoft Visual Studio Solution File, Format Version 12.00
# Visual Studio Version 16
VisualStudioVersion = 16.0.29326.143
MinimumVisualStudioVersion = 10.0.40219.1
Project("{9A19103F-16F7-4668-BE54-9A1E7A4F7556}") = "MaMiKrCh", "MaMiKrCh\MaMiKrCh.csproj", "{7212AAAB-6522-420F-97B9-908773C3A65A}"
EndProject
Global
	GlobalSection(SolutionConfigurationPlatforms) = preSolution
		Debug|Any CPU = Debug|Any CPU
		Release|Any CPU = Release|Any CPU
	EndGlobalSection
	GlobalSection(ProjectConfigurationPlatforms) = postSolution
		{7212AAAB-6522-420F-97B9-908773C3A65A}.Debug|Any CPU.ActiveCfg = Debug|Any CPU
		{7212AAAB-6522-420F-97B9-908773C3A65A}.Debug|Any CPU.Build.0 = Debug|Any CPU
		{7212AAAB-6522-420F-97B9-908773C3A65A}.Release|Any CPU.ActiveCfg = Release|Any CPU
		{7212AAAB-6522-420F-97B9-908773C3A65A}.Release|Any CPU.Build.0 = Release|Any CPU
	EndGlobalSection
	GlobalSection(SolutionProperties) = preSolution
		HideSolutionNode = FALSE
	EndGlobalSection
	GlobalSection(ExtensibilityGlobals) = postSolution
		SolutionGuid = {B677DD4C-F1C7-4624-9CA4-701ABC885657}
	EndGlobalSection
EndGlobal
